
Microsoft Visual Studio Solution File, Format Version 12.00
# Visual Studio Version 16
VisualStudioVersion = 16.0.30204.135
MinimumVisualStudioVersion = 10.0.40219.1
Project("{9A19103F-16F7-4668-BE54-9A1E7A4F7556}") = "Ecomm", "Ecomm.csproj", "{020D8290-7AF5-4B29-B4BA-701E847FFABF}"
EndProject
Project("{9A19103F-16F7-4668-BE54-9A1E7A4F7556}") = "Ecomm.Models", "..\Ecomm.Models\Ecomm.Models.csproj", "{F85CC3B2-83C4-4178-8031-150C84F1AB7C}"
EndProject
Global
	GlobalSection(SolutionConfigurationPlatforms) = preSolution
		Debug|Any CPU = Debug|Any CPU
		Release|Any CPU = Release|Any CPU
	EndGlobalSection
	GlobalSection(ProjectConfigurationPlatforms) = postSolution
		{020D8290-7AF5-4B29-B4BA-701E847FFABF}.Debug|Any CPU.ActiveCfg = Debug|Any CPU
		{020D8290-7AF5-4B29-B4BA-701E847FFABF}.Debug|Any CPU.Build.0 = Debug|Any CPU
		{020D8290-7AF5-4B29-B4BA-701E847FFABF}.Release|Any CPU.ActiveCfg = Release|Any CPU
		{020D8290-7AF5-4B29-B4BA-701E847FFABF}.Release|Any CPU.Build.0 = Release|Any CPU
		{F85CC3B2-83C4-4178-8031-150C84F1AB7C}.Debug|Any CPU.ActiveCfg = Debug|Any CPU
		{F85CC3B2-83C4-4178-8031-150C84F1AB7C}.Debug|Any CPU.Build.0 = Debug|Any CPU
		{F85CC3B2-83C4-4178-8031-150C84F1AB7C}.Release|Any CPU.ActiveCfg = Release|Any CPU
		{F85CC3B2-83C4-4178-8031-150C84F1AB7C}.Release|Any CPU.Build.0 = Release|Any CPU
	EndGlobalSection
	GlobalSection(SolutionProperties) = preSolution
		HideSolutionNode = FALSE
	EndGlobalSection
	GlobalSection(ExtensibilityGlobals) = postSolution
		SolutionGuid = {1AB7DF64-B616-4F99-91A4-807216435CD6}
	EndGlobalSection
EndGlobal
